// !$*UTF8*$!
{
	archiveVersion = 1;
	classes = {
	};
	objectVersion = 56;
	objects = {

/* Begin PBXBuildFile section */
		780F79B229BF17E7007F394F /* WatchOptionsView.swift in Sources */ = {isa = PBXBuildFile; fileRef = 780F79B129BF17E7007F394F /* WatchOptionsView.swift */; };
		780F79B429BF1901007F394F /* WatchLifeData.swift in Sources */ = {isa = PBXBuildFile; fileRef = 780F79B329BF1901007F394F /* WatchLifeData.swift */; };
		780F79B629BF1FE4007F394F /* SandStuff.swift in Sources */ = {isa = PBXBuildFile; fileRef = 780F79B529BF1FE4007F394F /* SandStuff.swift */; };
		780F79B729BF2067007F394F /* SandStuff.swift in Sources */ = {isa = PBXBuildFile; fileRef = 780F79B529BF1FE4007F394F /* SandStuff.swift */; };
		780F79B829BF213A007F394F /* MementoNotifications.swift in Sources */ = {isa = PBXBuildFile; fileRef = 78B1339D29ACF8FE00CE924F /* MementoNotifications.swift */; };
		78B1337929A64C5000CE924F /* MementoMoriApp.swift in Sources */ = {isa = PBXBuildFile; fileRef = 78B1337829A64C5000CE924F /* MementoMoriApp.swift */; };
		78B1337B29A64C5000CE924F /* ContentView.swift in Sources */ = {isa = PBXBuildFile; fileRef = 78B1337A29A64C5000CE924F /* ContentView.swift */; };
		78B1337D29A64C5100CE924F /* Assets.xcassets in Resources */ = {isa = PBXBuildFile; fileRef = 78B1337C29A64C5100CE924F /* Assets.xcassets */; };
		78B1338129A64C5100CE924F /* Preview Assets.xcassets in Resources */ = {isa = PBXBuildFile; fileRef = 78B1338029A64C5100CE924F /* Preview Assets.xcassets */; };
		78B1338829A64C9C00CE924F /* LifeDots.swift in Sources */ = {isa = PBXBuildFile; fileRef = 78B1338729A64C9C00CE924F /* LifeDots.swift */; };
		78B1338B29A64CC000CE924F /* Little Helpers.swift in Sources */ = {isa = PBXBuildFile; fileRef = 78B1338A29A64CC000CE924F /* Little Helpers.swift */; };
		78B1338D29A64CE400CE924F /* ProgressBar.swift in Sources */ = {isa = PBXBuildFile; fileRef = 78B1338C29A64CE400CE924F /* ProgressBar.swift */; };
		78B1338F29A662C300CE924F /* LifeTime.swift in Sources */ = {isa = PBXBuildFile; fileRef = 78B1338E29A662C300CE924F /* LifeTime.swift */; };
		78B1339329AA9D1B00CE924F /* LifeData.swift in Sources */ = {isa = PBXBuildFile; fileRef = 78B1339229AA9D1B00CE924F /* LifeData.swift */; };
		78B1339529AAA44E00CE924F /* OptionsView.swift in Sources */ = {isa = PBXBuildFile; fileRef = 78B1339429AAA44E00CE924F /* OptionsView.swift */; };
		78B1339829ABC53200CE924F /* CustomProgressView.swift in Sources */ = {isa = PBXBuildFile; fileRef = 78B1339729ABC53200CE924F /* CustomProgressView.swift */; };
		78B1339A29ABC8F800CE924F /* DotsView.swift in Sources */ = {isa = PBXBuildFile; fileRef = 78B1339929ABC8F800CE924F /* DotsView.swift */; };
		78B1339E29ACF8FE00CE924F /* MementoNotifications.swift in Sources */ = {isa = PBXBuildFile; fileRef = 78B1339D29ACF8FE00CE924F /* MementoNotifications.swift */; };
		78FC967129AFD9FE00C7D704 /* DateTimerView.swift in Sources */ = {isa = PBXBuildFile; fileRef = 78FC967029AFD9FE00C7D704 /* DateTimerView.swift */; };
		78FC967E29B62D8100C7D704 /* SandParticles.sks in Resources */ = {isa = PBXBuildFile; fileRef = 78FC967D29B62D8100C7D704 /* SandParticles.sks */; };
		78FC968029BD23E100C7D704 /* SandParticlesScatter.sks in Resources */ = {isa = PBXBuildFile; fileRef = 78FC967F29BD219A00C7D704 /* SandParticlesScatter.sks */; };
		78FC968829BD267A00C7D704 /* MementoMoriWatchApp.swift in Sources */ = {isa = PBXBuildFile; fileRef = 78FC968729BD267A00C7D704 /* MementoMoriWatchApp.swift */; };
		78FC968A29BD267A00C7D704 /* ContentView.swift in Sources */ = {isa = PBXBuildFile; fileRef = 78FC968929BD267A00C7D704 /* ContentView.swift */; };
		78FC968C29BD267B00C7D704 /* Assets.xcassets in Resources */ = {isa = PBXBuildFile; fileRef = 78FC968B29BD267B00C7D704 /* Assets.xcassets */; };
		78FC968F29BD267B00C7D704 /* Preview Assets.xcassets in Resources */ = {isa = PBXBuildFile; fileRef = 78FC968E29BD267B00C7D704 /* Preview Assets.xcassets */; };
		78FC969729BDCAB700C7D704 /* CustomProgressView.swift in Sources */ = {isa = PBXBuildFile; fileRef = 78B1339729ABC53200CE924F /* CustomProgressView.swift */; };
		78FC969829BDCAD000C7D704 /* DateTimerView.swift in Sources */ = {isa = PBXBuildFile; fileRef = 78FC967029AFD9FE00C7D704 /* DateTimerView.swift */; };
		78FC969929BDCAF000C7D704 /* Little Helpers.swift in Sources */ = {isa = PBXBuildFile; fileRef = 78B1338A29A64CC000CE924F /* Little Helpers.swift */; };
		78FC969A29BDD43700C7D704 /* SandParticles.sks in Resources */ = {isa = PBXBuildFile; fileRef = 78FC967D29B62D8100C7D704 /* SandParticles.sks */; };
		78FC969B29BDD43A00C7D704 /* SandParticlesScatter.sks in Resources */ = {isa = PBXBuildFile; fileRef = 78FC967F29BD219A00C7D704 /* SandParticlesScatter.sks */; };
		78FC969C29BDDFE100C7D704 /* LifeTime.swift in Sources */ = {isa = PBXBuildFile; fileRef = 78B1338E29A662C300CE924F /* LifeTime.swift */; };
		78FC969E29BDDFF500C7D704 /* PhoneConnection.swift in Sources */ = {isa = PBXBuildFile; fileRef = 78FC969D29BDDFF500C7D704 /* PhoneConnection.swift */; };
		78FC96A129BDE35000C7D704 /* WatchConnection.swift in Sources */ = {isa = PBXBuildFile; fileRef = 78FC96A029BDE35000C7D704 /* WatchConnection.swift */; };
/* End PBXBuildFile section */

/* Begin PBXFileReference section */
		780F79B129BF17E7007F394F /* WatchOptionsView.swift */ = {isa = PBXFileReference; lastKnownFileType = sourcecode.swift; path = WatchOptionsView.swift; sourceTree = "<group>"; };
		780F79B329BF1901007F394F /* WatchLifeData.swift */ = {isa = PBXFileReference; lastKnownFileType = sourcecode.swift; path = WatchLifeData.swift; sourceTree = "<group>"; };
		780F79B529BF1FE4007F394F /* SandStuff.swift */ = {isa = PBXFileReference; lastKnownFileType = sourcecode.swift; path = SandStuff.swift; sourceTree = "<group>"; };
		78B1337529A64C5000CE924F /* MementoMori.app */ = {isa = PBXFileReference; explicitFileType = wrapper.application; includeInIndex = 0; path = MementoMori.app; sourceTree = BUILT_PRODUCTS_DIR; };
		78B1337829A64C5000CE924F /* MementoMoriApp.swift */ = {isa = PBXFileReference; lastKnownFileType = sourcecode.swift; path = MementoMoriApp.swift; sourceTree = "<group>"; };
		78B1337A29A64C5000CE924F /* ContentView.swift */ = {isa = PBXFileReference; lastKnownFileType = sourcecode.swift; path = ContentView.swift; sourceTree = "<group>"; };
		78B1337C29A64C5100CE924F /* Assets.xcassets */ = {isa = PBXFileReference; lastKnownFileType = folder.assetcatalog; path = Assets.xcassets; sourceTree = "<group>"; };
		78B1337E29A64C5100CE924F /* MementoMori.entitlements */ = {isa = PBXFileReference; lastKnownFileType = text.plist.entitlements; path = MementoMori.entitlements; sourceTree = "<group>"; };
		78B1338029A64C5100CE924F /* Preview Assets.xcassets */ = {isa = PBXFileReference; lastKnownFileType = folder.assetcatalog; path = "Preview Assets.xcassets"; sourceTree = "<group>"; };
		78B1338729A64C9C00CE924F /* LifeDots.swift */ = {isa = PBXFileReference; lastKnownFileType = sourcecode.swift; path = LifeDots.swift; sourceTree = "<group>"; };
		78B1338A29A64CC000CE924F /* Little Helpers.swift */ = {isa = PBXFileReference; lastKnownFileType = sourcecode.swift; path = "Little Helpers.swift"; sourceTree = "<group>"; };
		78B1338C29A64CE400CE924F /* ProgressBar.swift */ = {isa = PBXFileReference; lastKnownFileType = sourcecode.swift; path = ProgressBar.swift; sourceTree = "<group>"; };
		78B1338E29A662C300CE924F /* LifeTime.swift */ = {isa = PBXFileReference; lastKnownFileType = sourcecode.swift; path = LifeTime.swift; sourceTree = "<group>"; };
		78B1339229AA9D1B00CE924F /* LifeData.swift */ = {isa = PBXFileReference; lastKnownFileType = sourcecode.swift; path = LifeData.swift; sourceTree = "<group>"; };
		78B1339429AAA44E00CE924F /* OptionsView.swift */ = {isa = PBXFileReference; lastKnownFileType = sourcecode.swift; path = OptionsView.swift; sourceTree = "<group>"; };
		78B1339729ABC53200CE924F /* CustomProgressView.swift */ = {isa = PBXFileReference; lastKnownFileType = sourcecode.swift; path = CustomProgressView.swift; sourceTree = "<group>"; };
		78B1339929ABC8F800CE924F /* DotsView.swift */ = {isa = PBXFileReference; lastKnownFileType = sourcecode.swift; path = DotsView.swift; sourceTree = "<group>"; };
		78B1339D29ACF8FE00CE924F /* MementoNotifications.swift */ = {isa = PBXFileReference; lastKnownFileType = sourcecode.swift; path = MementoNotifications.swift; sourceTree = "<group>"; };
		78FC967029AFD9FE00C7D704 /* DateTimerView.swift */ = {isa = PBXFileReference; lastKnownFileType = sourcecode.swift; path = DateTimerView.swift; sourceTree = "<group>"; };
		78FC967D29B62D8100C7D704 /* SandParticles.sks */ = {isa = PBXFileReference; lastKnownFileType = file.sks; path = SandParticles.sks; sourceTree = "<group>"; };
		78FC967F29BD219A00C7D704 /* SandParticlesScatter.sks */ = {isa = PBXFileReference; lastKnownFileType = file.sks; path = SandParticlesScatter.sks; sourceTree = "<group>"; };
		78FC968529BD267A00C7D704 /* MementoMoriWatch Watch App.app */ = {isa = PBXFileReference; explicitFileType = wrapper.application; includeInIndex = 0; path = "MementoMoriWatch Watch App.app"; sourceTree = BUILT_PRODUCTS_DIR; };
		78FC968729BD267A00C7D704 /* MementoMoriWatchApp.swift */ = {isa = PBXFileReference; lastKnownFileType = sourcecode.swift; path = MementoMoriWatchApp.swift; sourceTree = "<group>"; };
		78FC968929BD267A00C7D704 /* ContentView.swift */ = {isa = PBXFileReference; lastKnownFileType = sourcecode.swift; path = ContentView.swift; sourceTree = "<group>"; };
		78FC968B29BD267B00C7D704 /* Assets.xcassets */ = {isa = PBXFileReference; lastKnownFileType = folder.assetcatalog; path = Assets.xcassets; sourceTree = "<group>"; };
		78FC968E29BD267B00C7D704 /* Preview Assets.xcassets */ = {isa = PBXFileReference; lastKnownFileType = folder.assetcatalog; path = "Preview Assets.xcassets"; sourceTree = "<group>"; };
		78FC969D29BDDFF500C7D704 /* PhoneConnection.swift */ = {isa = PBXFileReference; lastKnownFileType = sourcecode.swift; path = PhoneConnection.swift; sourceTree = "<group>"; };
		78FC96A029BDE35000C7D704 /* WatchConnection.swift */ = {isa = PBXFileReference; lastKnownFileType = sourcecode.swift; path = WatchConnection.swift; sourceTree = "<group>"; };
/* End PBXFileReference section */

/* Begin PBXFrameworksBuildPhase section */
		78B1337229A64C5000CE924F /* Frameworks */ = {
			isa = PBXFrameworksBuildPhase;
			buildActionMask = 2147483647;
			files = (
			);
			runOnlyForDeploymentPostprocessing = 0;
		};
		78FC968229BD267A00C7D704 /* Frameworks */ = {
			isa = PBXFrameworksBuildPhase;
			buildActionMask = 2147483647;
			files = (
			);
			runOnlyForDeploymentPostprocessing = 0;
		};
/* End PBXFrameworksBuildPhase section */

/* Begin PBXGroup section */
		78B1336C29A64C5000CE924F = {
			isa = PBXGroup;
			children = (
				78B1337729A64C5000CE924F /* MementoMori */,
				78FC968629BD267A00C7D704 /* MementoMoriWatch Watch App */,
				78B1337629A64C5000CE924F /* Products */,
			);
			sourceTree = "<group>";
		};
		78B1337629A64C5000CE924F /* Products */ = {
			isa = PBXGroup;
			children = (
				78B1337529A64C5000CE924F /* MementoMori.app */,
				78FC968529BD267A00C7D704 /* MementoMoriWatch Watch App.app */,
			);
			name = Products;
			sourceTree = "<group>";
		};
		78B1337729A64C5000CE924F /* MementoMori */ = {
			isa = PBXGroup;
			children = (
				78B1337829A64C5000CE924F /* MementoMoriApp.swift */,
				78B1337A29A64C5000CE924F /* ContentView.swift */,
				78FC967D29B62D8100C7D704 /* SandParticles.sks */,
				78FC967F29BD219A00C7D704 /* SandParticlesScatter.sks */,
				78B1339429AAA44E00CE924F /* OptionsView.swift */,
				78B1339729ABC53200CE924F /* CustomProgressView.swift */,
				78FC967029AFD9FE00C7D704 /* DateTimerView.swift */,
				78B1339929ABC8F800CE924F /* DotsView.swift */,
				78B1339629ABC4F700CE924F /* Experiments */,
				78B1338929A64CAA00CE924F /* Model */,
				78B1337C29A64C5100CE924F /* Assets.xcassets */,
				78B1337E29A64C5100CE924F /* MementoMori.entitlements */,
				78B1337F29A64C5100CE924F /* Preview Content */,
			);
			path = MementoMori;
			sourceTree = "<group>";
		};
		78B1337F29A64C5100CE924F /* Preview Content */ = {
			isa = PBXGroup;
			children = (
				78B1338029A64C5100CE924F /* Preview Assets.xcassets */,
			);
			path = "Preview Content";
			sourceTree = "<group>";
		};
		78B1338929A64CAA00CE924F /* Model */ = {
			isa = PBXGroup;
			children = (
				78B1338A29A64CC000CE924F /* Little Helpers.swift */,
				78FC96A029BDE35000C7D704 /* WatchConnection.swift */,
				78B1338E29A662C300CE924F /* LifeTime.swift */,
				78B1339229AA9D1B00CE924F /* LifeData.swift */,
				78B1339D29ACF8FE00CE924F /* MementoNotifications.swift */,
				780F79B529BF1FE4007F394F /* SandStuff.swift */,
			);
			path = Model;
			sourceTree = "<group>";
		};
		78B1339629ABC4F700CE924F /* Experiments */ = {
			isa = PBXGroup;
			children = (
				78B1338C29A64CE400CE924F /* ProgressBar.swift */,
				78B1338729A64C9C00CE924F /* LifeDots.swift */,
			);
			path = Experiments;
			sourceTree = "<group>";
		};
		78FC968629BD267A00C7D704 /* MementoMoriWatch Watch App */ = {
			isa = PBXGroup;
			children = (
				78FC968729BD267A00C7D704 /* MementoMoriWatchApp.swift */,
				78FC968929BD267A00C7D704 /* ContentView.swift */,
				780F79B129BF17E7007F394F /* WatchOptionsView.swift */,
				78FC969F29BDDFFA00C7D704 /* Model */,
				78FC968B29BD267B00C7D704 /* Assets.xcassets */,
				78FC968D29BD267B00C7D704 /* Preview Content */,
			);
			path = "MementoMoriWatch Watch App";
			sourceTree = "<group>";
		};
		78FC968D29BD267B00C7D704 /* Preview Content */ = {
			isa = PBXGroup;
			children = (
				78FC968E29BD267B00C7D704 /* Preview Assets.xcassets */,
			);
			path = "Preview Content";
			sourceTree = "<group>";
		};
		78FC969F29BDDFFA00C7D704 /* Model */ = {
			isa = PBXGroup;
			children = (
				78FC969D29BDDFF500C7D704 /* PhoneConnection.swift */,
				780F79B329BF1901007F394F /* WatchLifeData.swift */,
			);
			path = Model;
			sourceTree = "<group>";
		};
/* End PBXGroup section */

/* Begin PBXNativeTarget section */
		78B1337429A64C5000CE924F /* MementoMori */ = {
			isa = PBXNativeTarget;
			buildConfigurationList = 78B1338429A64C5100CE924F /* Build configuration list for PBXNativeTarget "MementoMori" */;
			buildPhases = (
				78B1337129A64C5000CE924F /* Sources */,
				78B1337229A64C5000CE924F /* Frameworks */,
				78B1337329A64C5000CE924F /* Resources */,
			);
			buildRules = (
			);
			dependencies = (
			);
			name = MementoMori;
			productName = MementoMori;
			productReference = 78B1337529A64C5000CE924F /* MementoMori.app */;
			productType = "com.apple.product-type.application";
		};
		78FC968429BD267A00C7D704 /* MementoMoriWatch Watch App */ = {
			isa = PBXNativeTarget;
			buildConfigurationList = 78FC969029BD267B00C7D704 /* Build configuration list for PBXNativeTarget "MementoMoriWatch Watch App" */;
			buildPhases = (
				78FC968129BD267A00C7D704 /* Sources */,
				78FC968229BD267A00C7D704 /* Frameworks */,
				78FC968329BD267A00C7D704 /* Resources */,
			);
			buildRules = (
			);
			dependencies = (
			);
			name = "MementoMoriWatch Watch App";
			productName = "MementoMoriWatch Watch App";
			productReference = 78FC968529BD267A00C7D704 /* MementoMoriWatch Watch App.app */;
			productType = "com.apple.product-type.application";
		};
/* End PBXNativeTarget section */

/* Begin PBXProject section */
		78B1336D29A64C5000CE924F /* Project object */ = {
			isa = PBXProject;
			attributes = {
				BuildIndependentTargetsInParallel = 1;
				LastSwiftUpdateCheck = 1420;
				LastUpgradeCheck = 1420;
				TargetAttributes = {
					78B1337429A64C5000CE924F = {
						CreatedOnToolsVersion = 14.2;
					};
					78FC968429BD267A00C7D704 = {
						CreatedOnToolsVersion = 14.2;
					};
				};
			};
			buildConfigurationList = 78B1337029A64C5000CE924F /* Build configuration list for PBXProject "MementoMori" */;
			compatibilityVersion = "Xcode 14.0";
			developmentRegion = en;
			hasScannedForEncodings = 0;
			knownRegions = (
				en,
				Base,
			);
			mainGroup = 78B1336C29A64C5000CE924F;
			productRefGroup = 78B1337629A64C5000CE924F /* Products */;
			projectDirPath = "";
			projectRoot = "";
			targets = (
				78B1337429A64C5000CE924F /* MementoMori */,
				78FC968429BD267A00C7D704 /* MementoMoriWatch Watch App */,
			);
		};
/* End PBXProject section */

/* Begin PBXResourcesBuildPhase section */
		78B1337329A64C5000CE924F /* Resources */ = {
			isa = PBXResourcesBuildPhase;
			buildActionMask = 2147483647;
			files = (
				78FC967E29B62D8100C7D704 /* SandParticles.sks in Resources */,
				78B1338129A64C5100CE924F /* Preview Assets.xcassets in Resources */,
				78FC968029BD23E100C7D704 /* SandParticlesScatter.sks in Resources */,
				78B1337D29A64C5100CE924F /* Assets.xcassets in Resources */,
			);
			runOnlyForDeploymentPostprocessing = 0;
		};
		78FC968329BD267A00C7D704 /* Resources */ = {
			isa = PBXResourcesBuildPhase;
			buildActionMask = 2147483647;
			files = (
				78FC969A29BDD43700C7D704 /* SandParticles.sks in Resources */,
				78FC968F29BD267B00C7D704 /* Preview Assets.xcassets in Resources */,
				78FC969B29BDD43A00C7D704 /* SandParticlesScatter.sks in Resources */,
				78FC968C29BD267B00C7D704 /* Assets.xcassets in Resources */,
			);
			runOnlyForDeploymentPostprocessing = 0;
		};
/* End PBXResourcesBuildPhase section */

/* Begin PBXSourcesBuildPhase section */
		78B1337129A64C5000CE924F /* Sources */ = {
			isa = PBXSourcesBuildPhase;
			buildActionMask = 2147483647;
			files = (
				78B1339E29ACF8FE00CE924F /* MementoNotifications.swift in Sources */,
				78B1337B29A64C5000CE924F /* ContentView.swift in Sources */,
				78B1338B29A64CC000CE924F /* Little Helpers.swift in Sources */,
				78B1339329AA9D1B00CE924F /* LifeData.swift in Sources */,
				78B1339529AAA44E00CE924F /* OptionsView.swift in Sources */,
				78B1338F29A662C300CE924F /* LifeTime.swift in Sources */,
				78B1338829A64C9C00CE924F /* LifeDots.swift in Sources */,
				78B1339A29ABC8F800CE924F /* DotsView.swift in Sources */,
				780F79B629BF1FE4007F394F /* SandStuff.swift in Sources */,
				78FC96A129BDE35000C7D704 /* WatchConnection.swift in Sources */,
				78B1338D29A64CE400CE924F /* ProgressBar.swift in Sources */,
				78B1337929A64C5000CE924F /* MementoMoriApp.swift in Sources */,
				78B1339829ABC53200CE924F /* CustomProgressView.swift in Sources */,
				78FC967129AFD9FE00C7D704 /* DateTimerView.swift in Sources */,
			);
			runOnlyForDeploymentPostprocessing = 0;
		};
		78FC968129BD267A00C7D704 /* Sources */ = {
			isa = PBXSourcesBuildPhase;
			buildActionMask = 2147483647;
			files = (
				78FC969829BDCAD000C7D704 /* DateTimerView.swift in Sources */,
				78FC968A29BD267A00C7D704 /* ContentView.swift in Sources */,
				78FC969E29BDDFF500C7D704 /* PhoneConnection.swift in Sources */,
				780F79B429BF1901007F394F /* WatchLifeData.swift in Sources */,
				78FC969C29BDDFE100C7D704 /* LifeTime.swift in Sources */,
				78FC969929BDCAF000C7D704 /* Little Helpers.swift in Sources */,
				780F79B829BF213A007F394F /* MementoNotifications.swift in Sources */,
				780F79B729BF2067007F394F /* SandStuff.swift in Sources */,
				78FC968829BD267A00C7D704 /* MementoMoriWatchApp.swift in Sources */,
				780F79B229BF17E7007F394F /* WatchOptionsView.swift in Sources */,
				78FC969729BDCAB700C7D704 /* CustomProgressView.swift in Sources */,
			);
			runOnlyForDeploymentPostprocessing = 0;
		};
/* End PBXSourcesBuildPhase section */

/* Begin XCBuildConfiguration section */
		78B1338229A64C5100CE924F /* Debug */ = {
			isa = XCBuildConfiguration;
			buildSettings = {
				ALWAYS_SEARCH_USER_PATHS = NO;
				CLANG_ANALYZER_NONNULL = YES;
				CLANG_ANALYZER_NUMBER_OBJECT_CONVERSION = YES_AGGRESSIVE;
				CLANG_CXX_LANGUAGE_STANDARD = "gnu++20";
				CLANG_ENABLE_MODULES = YES;
				CLANG_ENABLE_OBJC_ARC = YES;
				CLANG_ENABLE_OBJC_WEAK = YES;
				CLANG_WARN_BLOCK_CAPTURE_AUTORELEASING = YES;
				CLANG_WARN_BOOL_CONVERSION = YES;
				CLANG_WARN_COMMA = YES;
				CLANG_WARN_CONSTANT_CONVERSION = YES;
				CLANG_WARN_DEPRECATED_OBJC_IMPLEMENTATIONS = YES;
				CLANG_WARN_DIRECT_OBJC_ISA_USAGE = YES_ERROR;
				CLANG_WARN_DOCUMENTATION_COMMENTS = YES;
				CLANG_WARN_EMPTY_BODY = YES;
				CLANG_WARN_ENUM_CONVERSION = YES;
				CLANG_WARN_INFINITE_RECURSION = YES;
				CLANG_WARN_INT_CONVERSION = YES;
				CLANG_WARN_NON_LITERAL_NULL_CONVERSION = YES;
				CLANG_WARN_OBJC_IMPLICIT_RETAIN_SELF = YES;
				CLANG_WARN_OBJC_LITERAL_CONVERSION = YES;
				CLANG_WARN_OBJC_ROOT_CLASS = YES_ERROR;
				CLANG_WARN_QUOTED_INCLUDE_IN_FRAMEWORK_HEADER = YES;
				CLANG_WARN_RANGE_LOOP_ANALYSIS = YES;
				CLANG_WARN_STRICT_PROTOTYPES = YES;
				CLANG_WARN_SUSPICIOUS_MOVE = YES;
				CLANG_WARN_UNGUARDED_AVAILABILITY = YES_AGGRESSIVE;
				CLANG_WARN_UNREACHABLE_CODE = YES;
				CLANG_WARN__DUPLICATE_METHOD_MATCH = YES;
				COPY_PHASE_STRIP = NO;
				DEBUG_INFORMATION_FORMAT = dwarf;
				ENABLE_STRICT_OBJC_MSGSEND = YES;
				ENABLE_TESTABILITY = YES;
				GCC_C_LANGUAGE_STANDARD = gnu11;
				GCC_DYNAMIC_NO_PIC = NO;
				GCC_NO_COMMON_BLOCKS = YES;
				GCC_OPTIMIZATION_LEVEL = 0;
				GCC_PREPROCESSOR_DEFINITIONS = (
					"DEBUG=1",
					"$(inherited)",
				);
				GCC_WARN_64_TO_32_BIT_CONVERSION = YES;
				GCC_WARN_ABOUT_RETURN_TYPE = YES_ERROR;
				GCC_WARN_UNDECLARED_SELECTOR = YES;
				GCC_WARN_UNINITIALIZED_AUTOS = YES_AGGRESSIVE;
				GCC_WARN_UNUSED_FUNCTION = YES;
				GCC_WARN_UNUSED_VARIABLE = YES;
				MTL_ENABLE_DEBUG_INFO = INCLUDE_SOURCE;
				MTL_FAST_MATH = YES;
				ONLY_ACTIVE_ARCH = YES;
				SWIFT_ACTIVE_COMPILATION_CONDITIONS = DEBUG;
				SWIFT_OPTIMIZATION_LEVEL = "-Onone";
			};
			name = Debug;
		};
		78B1338329A64C5100CE924F /* Release */ = {
			isa = XCBuildConfiguration;
			buildSettings = {
				ALWAYS_SEARCH_USER_PATHS = NO;
				CLANG_ANALYZER_NONNULL = YES;
				CLANG_ANALYZER_NUMBER_OBJECT_CONVERSION = YES_AGGRESSIVE;
				CLANG_CXX_LANGUAGE_STANDARD = "gnu++20";
				CLANG_ENABLE_MODULES = YES;
				CLANG_ENABLE_OBJC_ARC = YES;
				CLANG_ENABLE_OBJC_WEAK = YES;
				CLANG_WARN_BLOCK_CAPTURE_AUTORELEASING = YES;
				CLANG_WARN_BOOL_CONVERSION = YES;
				CLANG_WARN_COMMA = YES;
				CLANG_WARN_CONSTANT_CONVERSION = YES;
				CLANG_WARN_DEPRECATED_OBJC_IMPLEMENTATIONS = YES;
				CLANG_WARN_DIRECT_OBJC_ISA_USAGE = YES_ERROR;
				CLANG_WARN_DOCUMENTATION_COMMENTS = YES;
				CLANG_WARN_EMPTY_BODY = YES;
				CLANG_WARN_ENUM_CONVERSION = YES;
				CLANG_WARN_INFINITE_RECURSION = YES;
				CLANG_WARN_INT_CONVERSION = YES;
				CLANG_WARN_NON_LITERAL_NULL_CONVERSION = YES;
				CLANG_WARN_OBJC_IMPLICIT_RETAIN_SELF = YES;
				CLANG_WARN_OBJC_LITERAL_CONVERSION = YES;
				CLANG_WARN_OBJC_ROOT_CLASS = YES_ERROR;
				CLANG_WARN_QUOTED_INCLUDE_IN_FRAMEWORK_HEADER = YES;
				CLANG_WARN_RANGE_LOOP_ANALYSIS = YES;
				CLANG_WARN_STRICT_PROTOTYPES = YES;
				CLANG_WARN_SUSPICIOUS_MOVE = YES;
				CLANG_WARN_UNGUARDED_AVAILABILITY = YES_AGGRESSIVE;
				CLANG_WARN_UNREACHABLE_CODE = YES;
				CLANG_WARN__DUPLICATE_METHOD_MATCH = YES;
				COPY_PHASE_STRIP = NO;
				DEBUG_INFORMATION_FORMAT = "dwarf-with-dsym";
				ENABLE_NS_ASSERTIONS = NO;
				ENABLE_STRICT_OBJC_MSGSEND = YES;
				GCC_C_LANGUAGE_STANDARD = gnu11;
				GCC_NO_COMMON_BLOCKS = YES;
				GCC_WARN_64_TO_32_BIT_CONVERSION = YES;
				GCC_WARN_ABOUT_RETURN_TYPE = YES_ERROR;
				GCC_WARN_UNDECLARED_SELECTOR = YES;
				GCC_WARN_UNINITIALIZED_AUTOS = YES_AGGRESSIVE;
				GCC_WARN_UNUSED_FUNCTION = YES;
				GCC_WARN_UNUSED_VARIABLE = YES;
				MTL_ENABLE_DEBUG_INFO = NO;
				MTL_FAST_MATH = YES;
				SWIFT_COMPILATION_MODE = wholemodule;
				SWIFT_OPTIMIZATION_LEVEL = "-O";
			};
			name = Release;
		};
		78B1338529A64C5100CE924F /* Debug */ = {
			isa = XCBuildConfiguration;
			buildSettings = {
				ASSETCATALOG_COMPILER_APPICON_NAME = AppIcon;
				ASSETCATALOG_COMPILER_GLOBAL_ACCENT_COLOR_NAME = AccentColor;
				CODE_SIGN_ENTITLEMENTS = MementoMori/MementoMori.entitlements;
				CODE_SIGN_STYLE = Automatic;
				CURRENT_PROJECT_VERSION = 1;
				DEVELOPMENT_ASSET_PATHS = "\"MementoMori/Preview Content\"";
				DEVELOPMENT_TEAM = XDR8Y54N77;
				ENABLE_HARDENED_RUNTIME = YES;
				ENABLE_PREVIEWS = YES;
				GENERATE_INFOPLIST_FILE = YES;
				"INFOPLIST_KEY_UIApplicationSceneManifest_Generation[sdk=iphoneos*]" = YES;
				"INFOPLIST_KEY_UIApplicationSceneManifest_Generation[sdk=iphonesimulator*]" = YES;
				"INFOPLIST_KEY_UIApplicationSupportsIndirectInputEvents[sdk=iphoneos*]" = YES;
				"INFOPLIST_KEY_UIApplicationSupportsIndirectInputEvents[sdk=iphonesimulator*]" = YES;
				"INFOPLIST_KEY_UILaunchScreen_Generation[sdk=iphoneos*]" = YES;
				"INFOPLIST_KEY_UILaunchScreen_Generation[sdk=iphonesimulator*]" = YES;
				"INFOPLIST_KEY_UIStatusBarStyle[sdk=iphoneos*]" = UIStatusBarStyleDefault;
				"INFOPLIST_KEY_UIStatusBarStyle[sdk=iphonesimulator*]" = UIStatusBarStyleDefault;
				INFOPLIST_KEY_UISupportedInterfaceOrientations_iPad = "UIInterfaceOrientationPortrait UIInterfaceOrientationPortraitUpsideDown UIInterfaceOrientationLandscapeLeft UIInterfaceOrientationLandscapeRight";
				INFOPLIST_KEY_UISupportedInterfaceOrientations_iPhone = "UIInterfaceOrientationPortrait UIInterfaceOrientationLandscapeLeft UIInterfaceOrientationLandscapeRight";
				IPHONEOS_DEPLOYMENT_TARGET = 16.2;
				LD_RUNPATH_SEARCH_PATHS = "@executable_path/Frameworks";
				"LD_RUNPATH_SEARCH_PATHS[sdk=macosx*]" = "@executable_path/../Frameworks";
				MACOSX_DEPLOYMENT_TARGET = 13.1;
				MARKETING_VERSION = 1.0;
				PRODUCT_BUNDLE_IDENTIFIER = com.project7III.MementoMori;
				PRODUCT_NAME = "$(TARGET_NAME)";
				SDKROOT = auto;
				SUPPORTED_PLATFORMS = "iphoneos iphonesimulator macosx";
				SWIFT_EMIT_LOC_STRINGS = YES;
				SWIFT_VERSION = 5.0;
				TARGETED_DEVICE_FAMILY = "1,2";
			};
			name = Debug;
		};
		78B1338629A64C5100CE924F /* Release */ = {
			isa = XCBuildConfiguration;
			buildSettings = {
				ASSETCATALOG_COMPILER_APPICON_NAME = AppIcon;
				ASSETCATALOG_COMPILER_GLOBAL_ACCENT_COLOR_NAME = AccentColor;
				CODE_SIGN_ENTITLEMENTS = MementoMori/MementoMori.entitlements;
				CODE_SIGN_STYLE = Automatic;
				CURRENT_PROJECT_VERSION = 1;
				DEVELOPMENT_ASSET_PATHS = "\"MementoMori/Preview Content\"";
				DEVELOPMENT_TEAM = XDR8Y54N77;
				ENABLE_HARDENED_RUNTIME = YES;
				ENABLE_PREVIEWS = YES;
				GENERATE_INFOPLIST_FILE = YES;
				"INFOPLIST_KEY_UIApplicationSceneManifest_Generation[sdk=iphoneos*]" = YES;
				"INFOPLIST_KEY_UIApplicationSceneManifest_Generation[sdk=iphonesimulator*]" = YES;
				"INFOPLIST_KEY_UIApplicationSupportsIndirectInputEvents[sdk=iphoneos*]" = YES;
				"INFOPLIST_KEY_UIApplicationSupportsIndirectInputEvents[sdk=iphonesimulator*]" = YES;
				"INFOPLIST_KEY_UILaunchScreen_Generation[sdk=iphoneos*]" = YES;
				"INFOPLIST_KEY_UILaunchScreen_Generation[sdk=iphonesimulator*]" = YES;
				"INFOPLIST_KEY_UIStatusBarStyle[sdk=iphoneos*]" = UIStatusBarStyleDefault;
				"INFOPLIST_KEY_UIStatusBarStyle[sdk=iphonesimulator*]" = UIStatusBarStyleDefault;
				INFOPLIST_KEY_UISupportedInterfaceOrientations_iPad = "UIInterfaceOrientationPortrait UIInterfaceOrientationPortraitUpsideDown UIInterfaceOrientationLandscapeLeft UIInterfaceOrientationLandscapeRight";
				INFOPLIST_KEY_UISupportedInterfaceOrientations_iPhone = "UIInterfaceOrientationPortrait UIInterfaceOrientationLandscapeLeft UIInterfaceOrientationLandscapeRight";
				IPHONEOS_DEPLOYMENT_TARGET = 16.2;
				LD_RUNPATH_SEARCH_PATHS = "@executable_path/Frameworks";
				"LD_RUNPATH_SEARCH_PATHS[sdk=macosx*]" = "@executable_path/../Frameworks";
				MACOSX_DEPLOYMENT_TARGET = 13.1;
				MARKETING_VERSION = 1.0;
				PRODUCT_BUNDLE_IDENTIFIER = com.project7III.MementoMori;
				PRODUCT_NAME = "$(TARGET_NAME)";
				SDKROOT = auto;
				SUPPORTED_PLATFORMS = "iphoneos iphonesimulator macosx";
				SWIFT_EMIT_LOC_STRINGS = YES;
				SWIFT_VERSION = 5.0;
				TARGETED_DEVICE_FAMILY = "1,2";
			};
			name = Release;
		};
		78FC969129BD267B00C7D704 /* Debug */ = {
			isa = XCBuildConfiguration;
			buildSettings = {
				ASSETCATALOG_COMPILER_APPICON_NAME = AppIcon;
				ASSETCATALOG_COMPILER_GLOBAL_ACCENT_COLOR_NAME = AccentColor;
				CODE_SIGN_IDENTITY = "Apple Development";
				CODE_SIGN_STYLE = Automatic;
				CURRENT_PROJECT_VERSION = 1;
				DEVELOPMENT_ASSET_PATHS = "\"MementoMoriWatch Watch App/Preview Content\"";
				DEVELOPMENT_TEAM = XDR8Y54N77;
				ENABLE_PREVIEWS = YES;
				GENERATE_INFOPLIST_FILE = YES;
				INFOPLIST_KEY_CFBundleDisplayName = MementoMoriWatch;
				INFOPLIST_KEY_UISupportedInterfaceOrientations = "UIInterfaceOrientationPortrait UIInterfaceOrientationPortraitUpsideDown";
				INFOPLIST_KEY_WKCompanionAppBundleIdentifier = "";
				INFOPLIST_KEY_WKRunsIndependentlyOfCompanionApp = YES;
				LD_RUNPATH_SEARCH_PATHS = (
					"$(inherited)",
					"@executable_path/Frameworks",
				);
				MARKETING_VERSION = 1.0;
				PRODUCT_BUNDLE_IDENTIFIER = com.project7III.MementoMori.MementoMoriWatch;
				PRODUCT_NAME = "$(TARGET_NAME)";
				PROVISIONING_PROFILE_SPECIFIER = "";
				SDKROOT = watchos;
				SKIP_INSTALL = YES;
				SWIFT_EMIT_LOC_STRINGS = YES;
				SWIFT_VERSION = 5.0;
				TARGETED_DEVICE_FAMILY = 4;
				WATCHOS_DEPLOYMENT_TARGET = 9.1;
			};
			name = Debug;
		};
		78FC969229BD267B00C7D704 /* Release */ = {
			isa = XCBuildConfiguration;
			buildSettings = {
				ASSETCATALOG_COMPILER_APPICON_NAME = AppIcon;
				ASSETCATALOG_COMPILER_GLOBAL_ACCENT_COLOR_NAME = AccentColor;
				CODE_SIGN_IDENTITY = "Apple Development";
				CODE_SIGN_STYLE = Automatic;
				CURRENT_PROJECT_VERSION = 1;
				DEVELOPMENT_ASSET_PATHS = "\"MementoMoriWatch Watch App/Preview Content\"";
				DEVELOPMENT_TEAM = XDR8Y54N77;
				ENABLE_PREVIEWS = YES;
				GENERATE_INFOPLIST_FILE = YES;
				INFOPLIST_KEY_CFBundleDisplayName = MementoMoriWatch;
				INFOPLIST_KEY_UISupportedInterfaceOrientations = "UIInterfaceOrientationPortrait UIInterfaceOrientationPortraitUpsideDown";
				INFOPLIST_KEY_WKCompanionAppBundleIdentifier = "";
				INFOPLIST_KEY_WKRunsIndependentlyOfCompanionApp = YES;
				LD_RUNPATH_SEARCH_PATHS = (
					"$(inherited)",
					"@executable_path/Frameworks",
				);
				MARKETING_VERSION = 1.0;
				PRODUCT_BUNDLE_IDENTIFIER = com.project7III.MementoMori.MementoMoriWatch;
				PRODUCT_NAME = "$(TARGET_NAME)";
				PROVISIONING_PROFILE_SPECIFIER = "";
				SDKROOT = watchos;
				SKIP_INSTALL = YES;
				SWIFT_EMIT_LOC_STRINGS = YES;
				SWIFT_VERSION = 5.0;
				TARGETED_DEVICE_FAMILY = 4;
				VALIDATE_PRODUCT = YES;
				WATCHOS_DEPLOYMENT_TARGET = 9.1;
			};
			name = Release;
		};
/* End XCBuildConfiguration section */

/* Begin XCConfigurationList section */
		78B1337029A64C5000CE924F /* Build configuration list for PBXProject "MementoMori" */ = {
			isa = XCConfigurationList;
			buildConfigurations = (
				78B1338229A64C5100CE924F /* Debug */,
				78B1338329A64C5100CE924F /* Release */,
			);
			defaultConfigurationIsVisible = 0;
			defaultConfigurationName = Release;
		};
		78B1338429A64C5100CE924F /* Build configuration list for PBXNativeTarget "MementoMori" */ = {
			isa = XCConfigurationList;
			buildConfigurations = (
				78B1338529A64C5100CE924F /* Debug */,
				78B1338629A64C5100CE924F /* Release */,
			);
			defaultConfigurationIsVisible = 0;
			defaultConfigurationName = Release;
		};
		78FC969029BD267B00C7D704 /* Build configuration list for PBXNativeTarget "MementoMoriWatch Watch App" */ = {
			isa = XCConfigurationList;
			buildConfigurations = (
				78FC969129BD267B00C7D704 /* Debug */,
				78FC969229BD267B00C7D704 /* Release */,
			);
			defaultConfigurationIsVisible = 0;
			defaultConfigurationName = Release;
		};
/* End XCConfigurationList section */
	};
	rootObject = 78B1336D29A64C5000CE924F /* Project object */;
}
